{
  "name": "homepage",
  "lockfileVersion": 3,
  "requires": true,
  "packages": {
    "": {
      "dependencies": {
        "bun": "^1.1.5"
      }
    },
    "node_modules/@oven/bun-darwin-aarch64": {
      "version": "1.1.5",
      "resolved": "https://registry.npmjs.org/@oven/bun-darwin-aarch64/-/bun-darwin-aarch64-1.1.5.tgz",
      "integrity": "sha512-z0k3W2XEfa11OVUW0vp9pWLlpcPKY6TtpwPvREXCA0nFWj9LxbIRr5FZ1U6+M0gCRlx+5XOpSsWQ7+/HJcDgSg==",
      "cpu": [
        "arm64"
      ],
      "optional": true,
      "os": [
        "darwin"
      ]
    },
    "node_modules/@oven/bun-darwin-x64": {
      "version": "1.1.5",
      "resolved": "https://registry.npmjs.org/@oven/bun-darwin-x64/-/bun-darwin-x64-1.1.5.tgz",
      "integrity": "sha512-Pv1QDb69u6JMXfWiAE638aUWzsARGxWDQ1J1YLxOJVzbEe9f8qvMPZX7yP4OcfFMyc1ZcFrd7kDSkXQHZ/DeTg==",
      "cpu": [
        "x64"
      ],
      "optional": true,
      "os": [
        "darwin"
      ]
    },
    "node_modules/@oven/bun-darwin-x64-baseline": {
      "version": "1.1.5",
      "resolved": "https://registry.npmjs.org/@oven/bun-darwin-x64-baseline/-/bun-darwin-x64-baseline-1.1.5.tgz",
      "integrity": "sha512-w3bHmbgrU0L8fCzW0uf0MYPo2DMekHG0w2SSQ+ZspkGQ11ppTu7FJZxZMAw8UQAAX3FgltFnaI1p6J9gkv4MMw==",
      "cpu": [
        "x64"
      ],
      "optional": true,
      "os": [
        "darwin"
      ]
    },
    "node_modules/@oven/bun-linux-aarch64": {
      "version": "1.1.5",
      "resolved": "https://registry.npmjs.org/@oven/bun-linux-aarch64/-/bun-linux-aarch64-1.1.5.tgz",
      "integrity": "sha512-iObapm21/EsuQN3Z3m/DwAyjeGQaYuwC+KocPT29n7Tv+C/bubIEtikrmSGfA2CiSA5n6dFsFGk/t/uFfUuVMA==",
      "cpu": [
        "arm64"
      ],
      "optional": true,
      "os": [
        "linux"
      ]
    },
    "node_modules/@oven/bun-linux-x64": {
      "version": "1.1.5",
      "resolved": "https://registry.npmjs.org/@oven/bun-linux-x64/-/bun-linux-x64-1.1.5.tgz",
      "integrity": "sha512-KrvxD5sUf0WcdjVJm2LyGJqPzBldYWT4EQy+N5c5gzFnrEKSXOsj5lFE2vPNICS8Zvwzt8zLr0OwKq/WU93xTQ==",
      "cpu": [
        "x64"
      ],
      "optional": true,
      "os": [
        "linux"
      ]
    },
    "node_modules/@oven/bun-linux-x64-baseline": {
      "version": "1.1.5",
      "resolved": "https://registry.npmjs.org/@oven/bun-linux-x64-baseline/-/bun-linux-x64-baseline-1.1.5.tgz",
      "integrity": "sha512-ENUbLzO/tKpzUp04e9u+jZi+RFIpIJ/RQy7WKTstzce3fZqAsfh65CJE7TqKvFpHEDNxaRqJRg7yUonSCO1BmA==",
      "cpu": [
        "x64"
      ],
      "optional": true,
      "os": [
        "linux"
      ]
    },
    "node_modules/@oven/bun-windows-x64": {
      "version": "1.1.5",
      "resolved": "https://registry.npmjs.org/@oven/bun-windows-x64/-/bun-windows-x64-1.1.5.tgz",
      "integrity": "sha512-kLRNRrQhCqXXoc0E6y9lBYbec6Sd7zIZtasoO6V7pYatMEaDB1ufIktmM5YVtCGYqNJ1+zNsENuU9xxPuprPDA==",
      "cpu": [
        "x64"
      ],
      "optional": true,
      "os": [
        "win32"
      ]
    },
    "node_modules/@oven/bun-windows-x64-baseline": {
      "version": "1.1.5",
      "resolved": "https://registry.npmjs.org/@oven/bun-windows-x64-baseline/-/bun-windows-x64-baseline-1.1.5.tgz",
      "integrity": "sha512-OCkUFyhbLR0kzAzuZg7pAa48TQFukYlaHTPH7ZWJkuS4ewFsDiYE+ET1BFn0LoRPlK/IhR8F6S21cH1elrlWCw==",
      "cpu": [
        "x64"
      ],
      "optional": true,
      "os": [
        "win32"
      ]
    },
    "node_modules/bun": {
      "version": "1.1.5",
      "resolved": "https://registry.npmjs.org/bun/-/bun-1.1.5.tgz",
      "integrity": "sha512-9gVjgPLGQqKEAcuTL1x/hn7PUYvWHlx/tm3//xIRkJk55IVWXcmFM6kQtV+Jn9k5x3wvtAd8a3RRyk2alyKPjA==",
      "cpu": [
        "arm64",
        "x64"
      ],
      "hasInstallScript": true,
      "os": [
        "darwin",
        "linux",
        "win32"
      ],
      "bin": {
        "bun": "bin/bun.exe",
        "bunx": "bin/bun.exe"
      },
      "optionalDependencies": {
        "@oven/bun-darwin-aarch64": "1.1.5",
        "@oven/bun-darwin-x64": "1.1.5",
        "@oven/bun-darwin-x64-baseline": "1.1.5",
        "@oven/bun-linux-aarch64": "1.1.5",
        "@oven/bun-linux-x64": "1.1.5",
        "@oven/bun-linux-x64-baseline": "1.1.5",
        "@oven/bun-windows-x64": "1.1.5",
        "@oven/bun-windows-x64-baseline": "1.1.5"
      }
    }
  }
}
